
Microsoft Visual Studio Solution File, Format Version 12.00
# Visual Studio Version 17
VisualStudioVersion = 17.9.34714.143
MinimumVisualStudioVersion = 10.0.40219.1
Project("{2150E333-8FDC-42A3-9474-1A3956D46DE8}") = "Solution Items", "Solution Items", "{1EC6B061-8E01-45F3-BF93-1B23A9435B0B}"
	ProjectSection(SolutionItems) = preProject
		.editorconfig = .editorconfig
		.gitignore = .gitignore
		README.md = README.md
	EndProjectSection
EndProject
Project("{9A19103F-16F7-4668-BE54-9A1E7A4F7556}") = "HundredMSRest.Lib", "src\HundredMSRest.Lib\HundredMSRest.Lib.csproj", "{67FF8561-FD47-45F1-838D-6748E34978DA}"
EndProject
Project("{9A19103F-16F7-4668-BE54-9A1E7A4F7556}") = "HundredMSRest.Tests", "src\HundredMSRest.Tests\HundredMSRest.Tests.csproj", "{65D9ECEB-0C4E-4C31-A702-7BCFA2E77836}"
EndProject
Project("{9A19103F-16F7-4668-BE54-9A1E7A4F7556}") = "_build", "build\_build.csproj", "{8275E586-4E9A-4171-A38E-59C783735348}"
EndProject
Global
	GlobalSection(SolutionConfigurationPlatforms) = preSolution
		Debug|Any CPU = Debug|Any CPU
		Release|Any CPU = Release|Any CPU
	EndGlobalSection
	GlobalSection(ProjectConfigurationPlatforms) = postSolution
		{8275E586-4E9A-4171-A38E-59C783735348}.Debug|Any CPU.ActiveCfg = Debug|Any CPU
		{8275E586-4E9A-4171-A38E-59C783735348}.Release|Any CPU.ActiveCfg = Release|Any CPU
		{67FF8561-FD47-45F1-838D-6748E34978DA}.Debug|Any CPU.ActiveCfg = Debug|Any CPU
		{67FF8561-FD47-45F1-838D-6748E34978DA}.Debug|Any CPU.Build.0 = Debug|Any CPU
		{67FF8561-FD47-45F1-838D-6748E34978DA}.Release|Any CPU.ActiveCfg = Release|Any CPU
		{67FF8561-FD47-45F1-838D-6748E34978DA}.Release|Any CPU.Build.0 = Release|Any CPU
		{65D9ECEB-0C4E-4C31-A702-7BCFA2E77836}.Debug|Any CPU.ActiveCfg = Debug|Any CPU
		{65D9ECEB-0C4E-4C31-A702-7BCFA2E77836}.Debug|Any CPU.Build.0 = Debug|Any CPU
		{65D9ECEB-0C4E-4C31-A702-7BCFA2E77836}.Release|Any CPU.ActiveCfg = Release|Any CPU
		{65D9ECEB-0C4E-4C31-A702-7BCFA2E77836}.Release|Any CPU.Build.0 = Release|Any CPU
	EndGlobalSection
	GlobalSection(SolutionProperties) = preSolution
		HideSolutionNode = FALSE
	EndGlobalSection
	GlobalSection(ExtensibilityGlobals) = postSolution
		SolutionGuid = {0274B596-786F-4E56-86C4-9E33D3F47196}
	EndGlobalSection
EndGlobal
